
Microsoft Visual Studio Solution File, Format Version 12.00
# Visual Studio 15
VisualStudioVersion = 15.0.28307.489
MinimumVisualStudioVersion = 10.0.40219.1
Project("{FAE04EC0-301F-11D3-BF4B-00C04F79EFBC}") = "WebApplication1", "WebApplication1\WebApplication1.csproj", "{43F55A62-91DA-4125-B06A-CD83CD26AD5E}"
EndProject
Global
	GlobalSection(SolutionConfigurationPlatforms) = preSolution
		Debug|Any CPU = Debug|Any CPU
		Release|Any CPU = Release|Any CPU
	EndGlobalSection
	GlobalSection(ProjectConfigurationPlatforms) = postSolution
		{43F55A62-91DA-4125-B06A-CD83CD26AD5E}.Debug|Any CPU.ActiveCfg = Debug|Any CPU
		{43F55A62-91DA-4125-B06A-CD83CD26AD5E}.Debug|Any CPU.Build.0 = Debug|Any CPU
		{43F55A62-91DA-4125-B06A-CD83CD26AD5E}.Release|Any CPU.ActiveCfg = Release|Any CPU
		{43F55A62-91DA-4125-B06A-CD83CD26AD5E}.Release|Any CPU.Build.0 = Release|Any CPU
	EndGlobalSection
	GlobalSection(SolutionProperties) = preSolution
		HideSolutionNode = FALSE
	EndGlobalSection
	GlobalSection(ExtensibilityGlobals) = postSolution
		SolutionGuid = {ADBDE0D7-CAEF-42B8-AA88-BD4344068B40}
	EndGlobalSection
EndGlobal
